
Microsoft Visual Studio Solution File, Format Version 12.00
# Visual Studio 15
VisualStudioVersion = 15.0.28010.2046
MinimumVisualStudioVersion = 10.0.40219.1
Project("{FAE04EC0-301F-11D3-BF4B-00C04F79EFBC}") = "Ex_start", "Ex_start\Ex_start.csproj", "{40929781-2BB2-4F30-81B3-2D7EB92E277F}"
EndProject
Global
	GlobalSection(SolutionConfigurationPlatforms) = preSolution
		Debug|Any CPU = Debug|Any CPU
		Release|Any CPU = Release|Any CPU
	EndGlobalSection
	GlobalSection(ProjectConfigurationPlatforms) = postSolution
		{40929781-2BB2-4F30-81B3-2D7EB92E277F}.Debug|Any CPU.ActiveCfg = Debug|Any CPU
		{40929781-2BB2-4F30-81B3-2D7EB92E277F}.Debug|Any CPU.Build.0 = Debug|Any CPU
		{40929781-2BB2-4F30-81B3-2D7EB92E277F}.Release|Any CPU.ActiveCfg = Release|Any CPU
		{40929781-2BB2-4F30-81B3-2D7EB92E277F}.Release|Any CPU.Build.0 = Release|Any CPU
	EndGlobalSection
	GlobalSection(SolutionProperties) = preSolution
		HideSolutionNode = FALSE
	EndGlobalSection
	GlobalSection(ExtensibilityGlobals) = postSolution
		SolutionGuid = {962C443F-630C-4808-AA17-56D48749B06A}
	EndGlobalSection
EndGlobal
